
Microsoft Visual Studio Solution File, Format Version 12.00
# Visual Studio Version 16
VisualStudioVersion = 16.0.31613.86
MinimumVisualStudioVersion = 10.0.40219.1
Project("{2150E333-8FDC-42A3-9474-1A3956D46DE8}") = "Doc", "Doc", "{3139574C-53FE-42DD-A92C-ADF70F675E0B}"
EndProject
Project("{2150E333-8FDC-42A3-9474-1A3956D46DE8}") = "Test", "Test", "{9F54FA5A-4E5C-435E-AF2B-0FEEEF18F4E2}"
EndProject
Project("{2150E333-8FDC-42A3-9474-1A3956D46DE8}") = "Src", "Src", "{C06510DA-92E7-4C61-824A-787E91F9D2F5}"
EndProject
Project("{2150E333-8FDC-42A3-9474-1A3956D46DE8}") = "Core", "Core", "{802EE8EC-27BE-4008-B63E-9F9B1246296B}"
EndProject
Project("{2150E333-8FDC-42A3-9474-1A3956D46DE8}") = "Infrastructure", "Infrastructure", "{7D0BC569-FF75-4CB6-AF67-AFD8EC427737}"
EndProject
Project("{2150E333-8FDC-42A3-9474-1A3956D46DE8}") = "Common", "Common", "{CD3EAC55-A175-421C-8C60-A77AFBF1E33A}"
EndProject
Project("{9A19103F-16F7-4668-BE54-9A1E7A4F7556}") = "EnraChallenge.Domain", "EnraChallenge.Domain\EnraChallenge.Domain.csproj", "{5F7B7233-403D-48A3-8203-4636BF361E87}"
EndProject
Project("{9A19103F-16F7-4668-BE54-9A1E7A4F7556}") = "EnraChallenge.Application", "EnraChallenge.Application\EnraChallenge.Application.csproj", "{DE100460-4E0B-4F62-839F-34E6661EBB53}"
EndProject
Project("{9A19103F-16F7-4668-BE54-9A1E7A4F7556}") = "EnraChallenge.Infrastructure", "EnraChallenge.Infrastructure\EnraChallenge.Infrastructure.csproj", "{446D6F35-E7A6-498F-A39E-2AED41716E33}"
EndProject
Project("{9A19103F-16F7-4668-BE54-9A1E7A4F7556}") = "EnraChallenge.Persistence", "EnraChallenge.Persistence\EnraChallenge.Persistence.csproj", "{E2584338-8EBA-409A-AF50-4AADFBA6DCE7}"
EndProject
Project("{9A19103F-16F7-4668-BE54-9A1E7A4F7556}") = "EnraChallenge.Common", "EnraChallenge.Common\EnraChallenge.Common.csproj", "{DFC3751B-07CB-4DBD-B5E2-1DA442F160E5}"
EndProject
Project("{2150E333-8FDC-42A3-9474-1A3956D46DE8}") = "Presentation", "Presentation", "{4CB63636-DBD5-4174-997E-E5F468C1FEC4}"
EndProject
Project("{9A19103F-16F7-4668-BE54-9A1E7A4F7556}") = "Endpoint.Site", "Endpoint.Site\Endpoint.Site.csproj", "{7F5F4347-DF17-453E-8F23-ABB9DB7B8866}"
EndProject
Global
	GlobalSection(SolutionConfigurationPlatforms) = preSolution
		Debug|Any CPU = Debug|Any CPU
		Release|Any CPU = Release|Any CPU
	EndGlobalSection
	GlobalSection(ProjectConfigurationPlatforms) = postSolution
		{5F7B7233-403D-48A3-8203-4636BF361E87}.Debug|Any CPU.ActiveCfg = Debug|Any CPU
		{5F7B7233-403D-48A3-8203-4636BF361E87}.Debug|Any CPU.Build.0 = Debug|Any CPU
		{5F7B7233-403D-48A3-8203-4636BF361E87}.Release|Any CPU.ActiveCfg = Release|Any CPU
		{5F7B7233-403D-48A3-8203-4636BF361E87}.Release|Any CPU.Build.0 = Release|Any CPU
		{DE100460-4E0B-4F62-839F-34E6661EBB53}.Debug|Any CPU.ActiveCfg = Debug|Any CPU
		{DE100460-4E0B-4F62-839F-34E6661EBB53}.Debug|Any CPU.Build.0 = Debug|Any CPU
		{DE100460-4E0B-4F62-839F-34E6661EBB53}.Release|Any CPU.ActiveCfg = Release|Any CPU
		{DE100460-4E0B-4F62-839F-34E6661EBB53}.Release|Any CPU.Build.0 = Release|Any CPU
		{446D6F35-E7A6-498F-A39E-2AED41716E33}.Debug|Any CPU.ActiveCfg = Debug|Any CPU
		{446D6F35-E7A6-498F-A39E-2AED41716E33}.Debug|Any CPU.Build.0 = Debug|Any CPU
		{446D6F35-E7A6-498F-A39E-2AED41716E33}.Release|Any CPU.ActiveCfg = Release|Any CPU
		{446D6F35-E7A6-498F-A39E-2AED41716E33}.Release|Any CPU.Build.0 = Release|Any CPU
		{E2584338-8EBA-409A-AF50-4AADFBA6DCE7}.Debug|Any CPU.ActiveCfg = Debug|Any CPU
		{E2584338-8EBA-409A-AF50-4AADFBA6DCE7}.Debug|Any CPU.Build.0 = Debug|Any CPU
		{E2584338-8EBA-409A-AF50-4AADFBA6DCE7}.Release|Any CPU.ActiveCfg = Release|Any CPU
		{E2584338-8EBA-409A-AF50-4AADFBA6DCE7}.Release|Any CPU.Build.0 = Release|Any CPU
		{DFC3751B-07CB-4DBD-B5E2-1DA442F160E5}.Debug|Any CPU.ActiveCfg = Debug|Any CPU
		{DFC3751B-07CB-4DBD-B5E2-1DA442F160E5}.Debug|Any CPU.Build.0 = Debug|Any CPU
		{DFC3751B-07CB-4DBD-B5E2-1DA442F160E5}.Release|Any CPU.ActiveCfg = Release|Any CPU
		{DFC3751B-07CB-4DBD-B5E2-1DA442F160E5}.Release|Any CPU.Build.0 = Release|Any CPU
		{7F5F4347-DF17-453E-8F23-ABB9DB7B8866}.Debug|Any CPU.ActiveCfg = Debug|Any CPU
		{7F5F4347-DF17-453E-8F23-ABB9DB7B8866}.Debug|Any CPU.Build.0 = Debug|Any CPU
		{7F5F4347-DF17-453E-8F23-ABB9DB7B8866}.Release|Any CPU.ActiveCfg = Release|Any CPU
		{7F5F4347-DF17-453E-8F23-ABB9DB7B8866}.Release|Any CPU.Build.0 = Release|Any CPU
	EndGlobalSection
	GlobalSection(SolutionProperties) = preSolution
		HideSolutionNode = FALSE
	EndGlobalSection
	GlobalSection(NestedProjects) = preSolution
		{802EE8EC-27BE-4008-B63E-9F9B1246296B} = {C06510DA-92E7-4C61-824A-787E91F9D2F5}
		{7D0BC569-FF75-4CB6-AF67-AFD8EC427737} = {C06510DA-92E7-4C61-824A-787E91F9D2F5}
		{CD3EAC55-A175-421C-8C60-A77AFBF1E33A} = {C06510DA-92E7-4C61-824A-787E91F9D2F5}
		{5F7B7233-403D-48A3-8203-4636BF361E87} = {802EE8EC-27BE-4008-B63E-9F9B1246296B}
		{DE100460-4E0B-4F62-839F-34E6661EBB53} = {802EE8EC-27BE-4008-B63E-9F9B1246296B}
		{446D6F35-E7A6-498F-A39E-2AED41716E33} = {7D0BC569-FF75-4CB6-AF67-AFD8EC427737}
		{E2584338-8EBA-409A-AF50-4AADFBA6DCE7} = {7D0BC569-FF75-4CB6-AF67-AFD8EC427737}
		{DFC3751B-07CB-4DBD-B5E2-1DA442F160E5} = {CD3EAC55-A175-421C-8C60-A77AFBF1E33A}
		{4CB63636-DBD5-4174-997E-E5F468C1FEC4} = {C06510DA-92E7-4C61-824A-787E91F9D2F5}
		{7F5F4347-DF17-453E-8F23-ABB9DB7B8866} = {4CB63636-DBD5-4174-997E-E5F468C1FEC4}
	EndGlobalSection
	GlobalSection(ExtensibilityGlobals) = postSolution
		SolutionGuid = {F8562E03-B932-41A2-B3E3-6C7961183AC1}
	EndGlobalSection
EndGlobal
